
Microsoft Visual Studio Solution File, Format Version 12.00
# Visual Studio Version 17
VisualStudioVersion = 17.14.36717.8 d17.14
MinimumVisualStudioVersion = 10.0.40219.1
Project("{FAE04EC0-301F-11D3-BF4B-00C04F79EFBC}") = "FinanceTracker", "FinanceTracker\FinanceTracker.csproj", "{D7CDB51E-C40D-4339-A8DE-6D421654A85A}"
EndProject
Global
	GlobalSection(SolutionConfigurationPlatforms) = preSolution
		Debug|Any CPU = Debug|Any CPU
		Release|Any CPU = Release|Any CPU
	EndGlobalSection
	GlobalSection(ProjectConfigurationPlatforms) = postSolution
		{D7CDB51E-C40D-4339-A8DE-6D421654A85A}.Debug|Any CPU.ActiveCfg = Debug|Any CPU
		{D7CDB51E-C40D-4339-A8DE-6D421654A85A}.Debug|Any CPU.Build.0 = Debug|Any CPU
		{D7CDB51E-C40D-4339-A8DE-6D421654A85A}.Release|Any CPU.ActiveCfg = Release|Any CPU
		{D7CDB51E-C40D-4339-A8DE-6D421654A85A}.Release|Any CPU.Build.0 = Release|Any CPU
	EndGlobalSection
	GlobalSection(SolutionProperties) = preSolution
		HideSolutionNode = FALSE
	EndGlobalSection
	GlobalSection(ExtensibilityGlobals) = postSolution
		SolutionGuid = {B134F486-3486-4E55-B292-389C4554E9CE}
	EndGlobalSection
EndGlobal
